
Microsoft Visual Studio Solution File, Format Version 12.00
# Visual Studio Version 17
VisualStudioVersion = 17.11.35303.130
MinimumVisualStudioVersion = 10.0.40219.1
Project("{9A19103F-16F7-4668-BE54-9A1E7A4F7556}") = "MovieViewer", "MovieViewer\MovieViewer.csproj", "{540E0BA6-6C52-4C8A-9B3D-965608F9893B}"
EndProject
Global
	GlobalSection(SolutionConfigurationPlatforms) = preSolution
		Debug|Any CPU = Debug|Any CPU
		Release|Any CPU = Release|Any CPU
	EndGlobalSection
	GlobalSection(ProjectConfigurationPlatforms) = postSolution
		{540E0BA6-6C52-4C8A-9B3D-965608F9893B}.Debug|Any CPU.ActiveCfg = Debug|Any CPU
		{540E0BA6-6C52-4C8A-9B3D-965608F9893B}.Debug|Any CPU.Build.0 = Debug|Any CPU
		{540E0BA6-6C52-4C8A-9B3D-965608F9893B}.Release|Any CPU.ActiveCfg = Release|Any CPU
		{540E0BA6-6C52-4C8A-9B3D-965608F9893B}.Release|Any CPU.Build.0 = Release|Any CPU
	EndGlobalSection
	GlobalSection(SolutionProperties) = preSolution
		HideSolutionNode = FALSE
	EndGlobalSection
	GlobalSection(ExtensibilityGlobals) = postSolution
		SolutionGuid = {C738C943-8494-481C-A6E4-7417563B0FF6}
	EndGlobalSection
EndGlobal
